// !$*UTF8*$!
{
	archiveVersion = 1;
	classes = {
	};
	objectVersion = 55;
	objects = {

/* Begin PBXBuildFile section */
		045462C928D1F61F002473A7 /* SignUpController.swift in Sources */ = {isa = PBXBuildFile; fileRef = 045462C828D1F61F002473A7 /* SignUpController.swift */; };
		045462CB28D1F665002473A7 /* SignUpView.swift in Sources */ = {isa = PBXBuildFile; fileRef = 045462CA28D1F665002473A7 /* SignUpView.swift */; };
		04820AFC28D4AB8A008F0720 /* ChatController.swift in Sources */ = {isa = PBXBuildFile; fileRef = 04820AFB28D4AB8A008F0720 /* ChatController.swift */; };
		04DE246728D9B4DF00B8E6F4 /* MeChatCell.swift in Sources */ = {isa = PBXBuildFile; fileRef = 04DE246628D9B4DF00B8E6F4 /* MeChatCell.swift */; };
		04DE246928D9B4EA00B8E6F4 /* ChatCell.swift in Sources */ = {isa = PBXBuildFile; fileRef = 04DE246828D9B4EA00B8E6F4 /* ChatCell.swift */; };
		04F1156B28E31F9700F5283F /* GoogleService-Info.plist in Resources */ = {isa = PBXBuildFile; fileRef = 04F1156A28E31F9700F5283F /* GoogleService-Info.plist */; };
		04F1156E28E320A500F5283F /* ChatVideoPreview.swift in Sources */ = {isa = PBXBuildFile; fileRef = 04F1156C28E320A500F5283F /* ChatVideoPreview.swift */; };
		04F1156F28E320A500F5283F /* ChatPhotoPreview.swift in Sources */ = {isa = PBXBuildFile; fileRef = 04F1156D28E320A500F5283F /* ChatPhotoPreview.swift */; };
		04F1157228E320B000F5283F /* WelcomeCell.swift in Sources */ = {isa = PBXBuildFile; fileRef = 04F1157028E320B000F5283F /* WelcomeCell.swift */; };
		04F1157328E320B000F5283F /* WelcomeCell.xib in Resources */ = {isa = PBXBuildFile; fileRef = 04F1157128E320B000F5283F /* WelcomeCell.xib */; };
		400BC44728D476B600F42081 /* MapAPI.swift in Sources */ = {isa = PBXBuildFile; fileRef = 400BC44628D476B600F42081 /* MapAPI.swift */; };
		400BC44928D47A0300F42081 /* RequestInterceptor.swift in Sources */ = {isa = PBXBuildFile; fileRef = 400BC44828D47A0300F42081 /* RequestInterceptor.swift */; };
		400BC44C28D47B7000F42081 /* UserDefaults.swift in Sources */ = {isa = PBXBuildFile; fileRef = 400BC44B28D47B7000F42081 /* UserDefaults.swift */; };
		400BC44E28D47C0000F42081 /* BaseAPI.swift in Sources */ = {isa = PBXBuildFile; fileRef = 400BC44D28D47C0000F42081 /* BaseAPI.swift */; };
		400BC45028D47C8000F42081 /* NetworkError.swift in Sources */ = {isa = PBXBuildFile; fileRef = 400BC44F28D47C8000F42081 /* NetworkError.swift */; };
		400BC45428D47DE300F42081 /* MapMark.swift in Sources */ = {isa = PBXBuildFile; fileRef = 400BC45328D47DE300F42081 /* MapMark.swift */; };
		400BC45628D48CED00F42081 /* LoginAPI.swift in Sources */ = {isa = PBXBuildFile; fileRef = 400BC45528D48CED00F42081 /* LoginAPI.swift */; };
		4040370828D86B3600121306 /* UserModel.swift in Sources */ = {isa = PBXBuildFile; fileRef = 4040370728D86B3600121306 /* UserModel.swift */; };
		4040370C28D88F0100121306 /* CustomAnnotationView.swift in Sources */ = {isa = PBXBuildFile; fileRef = 4040370B28D88F0100121306 /* CustomAnnotationView.swift */; };
		40F220D528E17C5000886AFF /* CustomMarkerView.swift in Sources */ = {isa = PBXBuildFile; fileRef = 40F220D428E17C5000886AFF /* CustomMarkerView.swift */; };
		43457B6928CE765100122DE5 /* FiltersCellType.swift in Sources */ = {isa = PBXBuildFile; fileRef = 43457B6828CE765100122DE5 /* FiltersCellType.swift */; };
		43457B6B28CE7DFF00122DE5 /* AddMarkTableView.swift in Sources */ = {isa = PBXBuildFile; fileRef = 43457B6A28CE7DFF00122DE5 /* AddMarkTableView.swift */; };
		43457B6D28CE7E3700122DE5 /* AddMarkViewController.swift in Sources */ = {isa = PBXBuildFile; fileRef = 43457B6C28CE7E3700122DE5 /* AddMarkViewController.swift */; };
		43457B6F28CE80D200122DE5 /* AddMarkCell.swift in Sources */ = {isa = PBXBuildFile; fileRef = 43457B6E28CE80D200122DE5 /* AddMarkCell.swift */; };
		43457B7128CE890A00122DE5 /* AddMarkCellType.swift in Sources */ = {isa = PBXBuildFile; fileRef = 43457B7028CE890A00122DE5 /* AddMarkCellType.swift */; };
		43457B7328CF003100122DE5 /* MyMessageCell.swift in Sources */ = {isa = PBXBuildFile; fileRef = 43457B7228CF003100122DE5 /* MyMessageCell.swift */; };
		4354660F28CAFD020084AAA4 /* FiltersTableView.swift in Sources */ = {isa = PBXBuildFile; fileRef = 4354660E28CAFD020084AAA4 /* FiltersTableView.swift */; };
		4354661128CAFD330084AAA4 /* GenderPreferenceCell.swift in Sources */ = {isa = PBXBuildFile; fileRef = 4354661028CAFD330084AAA4 /* GenderPreferenceCell.swift */; };
		4354661328CAFD550084AAA4 /* MaxDistanceCell.swift in Sources */ = {isa = PBXBuildFile; fileRef = 4354661228CAFD550084AAA4 /* MaxDistanceCell.swift */; };
		4354661528CAFD880084AAA4 /* AgeRangeCell.swift in Sources */ = {isa = PBXBuildFile; fileRef = 4354661428CAFD880084AAA4 /* AgeRangeCell.swift */; };
		4354661728CAFDAC0084AAA4 /* DoneButtonCell.swift in Sources */ = {isa = PBXBuildFile; fileRef = 4354661628CAFDAC0084AAA4 /* DoneButtonCell.swift */; };
		4354661928CAFE4F0084AAA4 /* FiltersViewController.swift in Sources */ = {isa = PBXBuildFile; fileRef = 4354661828CAFE4F0084AAA4 /* FiltersViewController.swift */; };
		7FDC7F8A28E489F500BEA5F6 /* BackButtonCell.swift in Sources */ = {isa = PBXBuildFile; fileRef = 7FDC7F8928E489F500BEA5F6 /* BackButtonCell.swift */; };
		7FDC7F8C28E48AD300BEA5F6 /* Gender.swift in Sources */ = {isa = PBXBuildFile; fileRef = 7FDC7F8B28E48AD300BEA5F6 /* Gender.swift */; };
		DEF961E6E93F6A7A9597E801 /* Pods_thinkapp_ios.framework in Frameworks */ = {isa = PBXBuildFile; fileRef = 006BD91FAC3D5F13AC5F4962 /* Pods_thinkapp_ios.framework */; };
		E00D78E628C0BA7400D1214A /* WelcomeController.swift in Sources */ = {isa = PBXBuildFile; fileRef = E00D78E528C0BA7400D1214A /* WelcomeController.swift */; };
		E00D78E828C0BA8400D1214A /* WelcomeView.swift in Sources */ = {isa = PBXBuildFile; fileRef = E00D78E728C0BA8400D1214A /* WelcomeView.swift */; };
		E00D78EB28C0E7D600D1214A /* MainMapView.swift in Sources */ = {isa = PBXBuildFile; fileRef = E00D78EA28C0E7D600D1214A /* MainMapView.swift */; };
		E00D78ED28C0E7E400D1214A /* MainMapController.swift in Sources */ = {isa = PBXBuildFile; fileRef = E00D78EC28C0E7E400D1214A /* MainMapController.swift */; };
		E00D78EF28C1034700D1214A /* AdventureMapOverlay.swift in Sources */ = {isa = PBXBuildFile; fileRef = E00D78EE28C1034700D1214A /* AdventureMapOverlay.swift */; };
		E014D7ED28BE19380079FEFB /* AppDelegate.swift in Sources */ = {isa = PBXBuildFile; fileRef = E014D7EC28BE19380079FEFB /* AppDelegate.swift */; };
		E014D7EF28BE19380079FEFB /* SceneDelegate.swift in Sources */ = {isa = PBXBuildFile; fileRef = E014D7EE28BE19380079FEFB /* SceneDelegate.swift */; };
		E014D7F928BE19390079FEFB /* LaunchScreen.storyboard in Resources */ = {isa = PBXBuildFile; fileRef = E014D7F728BE19390079FEFB /* LaunchScreen.storyboard */; };
		E08B3CC928BE19EC00140D22 /* Assets.xcassets in Resources */ = {isa = PBXBuildFile; fileRef = E08B3CC828BE19EC00140D22 /* Assets.xcassets */; };
		E08B3CCC28BE1A3400140D22 /* AppCoordinator.swift in Sources */ = {isa = PBXBuildFile; fileRef = E08B3CCA28BE1A3400140D22 /* AppCoordinator.swift */; };
		E08B3CCD28BE1A3400140D22 /* MainRouter.swift in Sources */ = {isa = PBXBuildFile; fileRef = E08B3CCB28BE1A3400140D22 /* MainRouter.swift */; };
		E08B3CCF28BE1BF300140D22 /* Constants.swift in Sources */ = {isa = PBXBuildFile; fileRef = E08B3CCE28BE1BF300140D22 /* Constants.swift */; };
		E08B3CD628BE265E00140D22 /* Syne-Bold.ttf in Resources */ = {isa = PBXBuildFile; fileRef = E08B3CD228BE259F00140D22 /* Syne-Bold.ttf */; };
		E08B3CD728BE266000140D22 /* Inter-Medium.otf in Resources */ = {isa = PBXBuildFile; fileRef = E08B3CD428BE25D100140D22 /* Inter-Medium.otf */; };
		E08B3CD828BE266200140D22 /* Inter-Regular.otf in Resources */ = {isa = PBXBuildFile; fileRef = E08B3CD528BE25D100140D22 /* Inter-Regular.otf */; };
		E08B3CD928BE266400140D22 /* Syne-Regular.ttf in Resources */ = {isa = PBXBuildFile; fileRef = E08B3CD328BE259F00140D22 /* Syne-Regular.ttf */; };
		E08B3CDC28BE288400140D22 /* UIColor+extension.swift in Sources */ = {isa = PBXBuildFile; fileRef = E08B3CDB28BE288300140D22 /* UIColor+extension.swift */; };
		E08B3CE028BE39FC00140D22 /* LoginController.swift in Sources */ = {isa = PBXBuildFile; fileRef = E08B3CDF28BE39FC00140D22 /* LoginController.swift */; };
		E08B3CE228BE3A0B00140D22 /* LoginView.swift in Sources */ = {isa = PBXBuildFile; fileRef = E08B3CE128BE3A0B00140D22 /* LoginView.swift */; };
/* End PBXBuildFile section */

/* Begin PBXFileReference section */
		006BD91FAC3D5F13AC5F4962 /* Pods_thinkapp_ios.framework */ = {isa = PBXFileReference; explicitFileType = wrapper.framework; includeInIndex = 0; path = Pods_thinkapp_ios.framework; sourceTree = BUILT_PRODUCTS_DIR; };
		045462C828D1F61F002473A7 /* SignUpController.swift */ = {isa = PBXFileReference; lastKnownFileType = sourcecode.swift; path = SignUpController.swift; sourceTree = "<group>"; };
		045462CA28D1F665002473A7 /* SignUpView.swift */ = {isa = PBXFileReference; lastKnownFileType = sourcecode.swift; path = SignUpView.swift; sourceTree = "<group>"; };
		04820AFB28D4AB8A008F0720 /* ChatController.swift */ = {isa = PBXFileReference; lastKnownFileType = sourcecode.swift; path = ChatController.swift; sourceTree = "<group>"; };
		04DE246628D9B4DF00B8E6F4 /* MeChatCell.swift */ = {isa = PBXFileReference; lastKnownFileType = sourcecode.swift; path = MeChatCell.swift; sourceTree = "<group>"; };
		04DE246828D9B4EA00B8E6F4 /* ChatCell.swift */ = {isa = PBXFileReference; lastKnownFileType = sourcecode.swift; path = ChatCell.swift; sourceTree = "<group>"; };
		04F1156A28E31F9700F5283F /* GoogleService-Info.plist */ = {isa = PBXFileReference; fileEncoding = 4; lastKnownFileType = text.plist.xml; name = "GoogleService-Info.plist"; path = "../../../../../../../var/folders/wz/x08kg5ys547c25x_y5g_8hlc0000gq/T/ru.keepcoder.Telegram/GoogleService-Info.plist"; sourceTree = "<group>"; };
		04F1156C28E320A500F5283F /* ChatVideoPreview.swift */ = {isa = PBXFileReference; fileEncoding = 4; lastKnownFileType = sourcecode.swift; path = ChatVideoPreview.swift; sourceTree = "<group>"; };
		04F1156D28E320A500F5283F /* ChatPhotoPreview.swift */ = {isa = PBXFileReference; fileEncoding = 4; lastKnownFileType = sourcecode.swift; path = ChatPhotoPreview.swift; sourceTree = "<group>"; };
		04F1157028E320B000F5283F /* WelcomeCell.swift */ = {isa = PBXFileReference; fileEncoding = 4; lastKnownFileType = sourcecode.swift; path = WelcomeCell.swift; sourceTree = "<group>"; };
		04F1157128E320B000F5283F /* WelcomeCell.xib */ = {isa = PBXFileReference; fileEncoding = 4; lastKnownFileType = file.xib; path = WelcomeCell.xib; sourceTree = "<group>"; };
		400BC44628D476B600F42081 /* MapAPI.swift */ = {isa = PBXFileReference; lastKnownFileType = sourcecode.swift; path = MapAPI.swift; sourceTree = "<group>"; };
		400BC44828D47A0300F42081 /* RequestInterceptor.swift */ = {isa = PBXFileReference; lastKnownFileType = sourcecode.swift; path = RequestInterceptor.swift; sourceTree = "<group>"; };
		400BC44B28D47B7000F42081 /* UserDefaults.swift */ = {isa = PBXFileReference; lastKnownFileType = sourcecode.swift; path = UserDefaults.swift; sourceTree = "<group>"; };
		400BC44D28D47C0000F42081 /* BaseAPI.swift */ = {isa = PBXFileReference; lastKnownFileType = sourcecode.swift; path = BaseAPI.swift; sourceTree = "<group>"; };
		400BC44F28D47C8000F42081 /* NetworkError.swift */ = {isa = PBXFileReference; lastKnownFileType = sourcecode.swift; path = NetworkError.swift; sourceTree = "<group>"; };
		400BC45328D47DE300F42081 /* MapMark.swift */ = {isa = PBXFileReference; lastKnownFileType = sourcecode.swift; path = MapMark.swift; sourceTree = "<group>"; };
		400BC45528D48CED00F42081 /* LoginAPI.swift */ = {isa = PBXFileReference; lastKnownFileType = sourcecode.swift; path = LoginAPI.swift; sourceTree = "<group>"; };
		4040370728D86B3600121306 /* UserModel.swift */ = {isa = PBXFileReference; lastKnownFileType = sourcecode.swift; path = UserModel.swift; sourceTree = "<group>"; };
		4040370B28D88F0100121306 /* CustomAnnotationView.swift */ = {isa = PBXFileReference; lastKnownFileType = sourcecode.swift; path = CustomAnnotationView.swift; sourceTree = "<group>"; };
		40F220D428E17C5000886AFF /* CustomMarkerView.swift */ = {isa = PBXFileReference; lastKnownFileType = sourcecode.swift; path = CustomMarkerView.swift; sourceTree = "<group>"; };
		43457B6828CE765100122DE5 /* FiltersCellType.swift */ = {isa = PBXFileReference; fileEncoding = 4; lastKnownFileType = sourcecode.swift; path = FiltersCellType.swift; sourceTree = "<group>"; };
		43457B6A28CE7DFF00122DE5 /* AddMarkTableView.swift */ = {isa = PBXFileReference; lastKnownFileType = sourcecode.swift; path = AddMarkTableView.swift; sourceTree = "<group>"; };
		43457B6C28CE7E3700122DE5 /* AddMarkViewController.swift */ = {isa = PBXFileReference; lastKnownFileType = sourcecode.swift; path = AddMarkViewController.swift; sourceTree = "<group>"; };
		43457B6E28CE80D200122DE5 /* AddMarkCell.swift */ = {isa = PBXFileReference; lastKnownFileType = sourcecode.swift; path = AddMarkCell.swift; sourceTree = "<group>"; };
		43457B7028CE890A00122DE5 /* AddMarkCellType.swift */ = {isa = PBXFileReference; lastKnownFileType = sourcecode.swift; path = AddMarkCellType.swift; sourceTree = "<group>"; };
		43457B7228CF003100122DE5 /* MyMessageCell.swift */ = {isa = PBXFileReference; lastKnownFileType = sourcecode.swift; path = MyMessageCell.swift; sourceTree = "<group>"; };
		4354660E28CAFD020084AAA4 /* FiltersTableView.swift */ = {isa = PBXFileReference; lastKnownFileType = sourcecode.swift; path = FiltersTableView.swift; sourceTree = "<group>"; };
		4354661028CAFD330084AAA4 /* GenderPreferenceCell.swift */ = {isa = PBXFileReference; lastKnownFileType = sourcecode.swift; path = GenderPreferenceCell.swift; sourceTree = "<group>"; };
		4354661228CAFD550084AAA4 /* MaxDistanceCell.swift */ = {isa = PBXFileReference; lastKnownFileType = sourcecode.swift; path = MaxDistanceCell.swift; sourceTree = "<group>"; };
		4354661428CAFD880084AAA4 /* AgeRangeCell.swift */ = {isa = PBXFileReference; lastKnownFileType = sourcecode.swift; path = AgeRangeCell.swift; sourceTree = "<group>"; };
		4354661628CAFDAC0084AAA4 /* DoneButtonCell.swift */ = {isa = PBXFileReference; lastKnownFileType = sourcecode.swift; path = DoneButtonCell.swift; sourceTree = "<group>"; };
		4354661828CAFE4F0084AAA4 /* FiltersViewController.swift */ = {isa = PBXFileReference; lastKnownFileType = sourcecode.swift; path = FiltersViewController.swift; sourceTree = "<group>"; };
		64C47F6647DF25C0A933BC6E /* Pods-thinkapp-ios.debug.xcconfig */ = {isa = PBXFileReference; includeInIndex = 1; lastKnownFileType = text.xcconfig; name = "Pods-thinkapp-ios.debug.xcconfig"; path = "Target Support Files/Pods-thinkapp-ios/Pods-thinkapp-ios.debug.xcconfig"; sourceTree = "<group>"; };
		7FDC7F8928E489F500BEA5F6 /* BackButtonCell.swift */ = {isa = PBXFileReference; fileEncoding = 4; lastKnownFileType = sourcecode.swift; path = BackButtonCell.swift; sourceTree = "<group>"; };
		7FDC7F8B28E48AD300BEA5F6 /* Gender.swift */ = {isa = PBXFileReference; fileEncoding = 4; lastKnownFileType = sourcecode.swift; path = Gender.swift; sourceTree = "<group>"; };
		BDEFFB997B9B34442D309467 /* Pods-thinkapp-ios.release.xcconfig */ = {isa = PBXFileReference; includeInIndex = 1; lastKnownFileType = text.xcconfig; name = "Pods-thinkapp-ios.release.xcconfig"; path = "Target Support Files/Pods-thinkapp-ios/Pods-thinkapp-ios.release.xcconfig"; sourceTree = "<group>"; };
		E00D78E528C0BA7400D1214A /* WelcomeController.swift */ = {isa = PBXFileReference; lastKnownFileType = sourcecode.swift; path = WelcomeController.swift; sourceTree = "<group>"; };
		E00D78E728C0BA8400D1214A /* WelcomeView.swift */ = {isa = PBXFileReference; lastKnownFileType = sourcecode.swift; path = WelcomeView.swift; sourceTree = "<group>"; };
		E00D78EA28C0E7D600D1214A /* MainMapView.swift */ = {isa = PBXFileReference; lastKnownFileType = sourcecode.swift; path = MainMapView.swift; sourceTree = "<group>"; };
		E00D78EC28C0E7E400D1214A /* MainMapController.swift */ = {isa = PBXFileReference; lastKnownFileType = sourcecode.swift; path = MainMapController.swift; sourceTree = "<group>"; };
		E00D78EE28C1034700D1214A /* AdventureMapOverlay.swift */ = {isa = PBXFileReference; lastKnownFileType = sourcecode.swift; path = AdventureMapOverlay.swift; sourceTree = "<group>"; };
		E014D7E928BE19380079FEFB /* thinkapp-ios.app */ = {isa = PBXFileReference; explicitFileType = wrapper.application; includeInIndex = 0; path = "thinkapp-ios.app"; sourceTree = BUILT_PRODUCTS_DIR; };
		E014D7EC28BE19380079FEFB /* AppDelegate.swift */ = {isa = PBXFileReference; lastKnownFileType = sourcecode.swift; path = AppDelegate.swift; sourceTree = "<group>"; };
		E014D7EE28BE19380079FEFB /* SceneDelegate.swift */ = {isa = PBXFileReference; lastKnownFileType = sourcecode.swift; path = SceneDelegate.swift; sourceTree = "<group>"; };
		E014D7F828BE19390079FEFB /* Base */ = {isa = PBXFileReference; lastKnownFileType = file.storyboard; name = Base; path = Base.lproj/LaunchScreen.storyboard; sourceTree = "<group>"; };
		E014D7FA28BE19390079FEFB /* Info.plist */ = {isa = PBXFileReference; lastKnownFileType = text.plist.xml; path = Info.plist; sourceTree = "<group>"; };
		E08B3CC828BE19EC00140D22 /* Assets.xcassets */ = {isa = PBXFileReference; lastKnownFileType = folder.assetcatalog; path = Assets.xcassets; sourceTree = "<group>"; };
		E08B3CCA28BE1A3400140D22 /* AppCoordinator.swift */ = {isa = PBXFileReference; fileEncoding = 4; lastKnownFileType = sourcecode.swift; path = AppCoordinator.swift; sourceTree = "<group>"; };
		E08B3CCB28BE1A3400140D22 /* MainRouter.swift */ = {isa = PBXFileReference; fileEncoding = 4; lastKnownFileType = sourcecode.swift; path = MainRouter.swift; sourceTree = "<group>"; };
		E08B3CCE28BE1BF300140D22 /* Constants.swift */ = {isa = PBXFileReference; lastKnownFileType = sourcecode.swift; path = Constants.swift; sourceTree = "<group>"; };
		E08B3CD228BE259F00140D22 /* Syne-Bold.ttf */ = {isa = PBXFileReference; lastKnownFileType = file; path = "Syne-Bold.ttf"; sourceTree = "<group>"; };
		E08B3CD328BE259F00140D22 /* Syne-Regular.ttf */ = {isa = PBXFileReference; lastKnownFileType = file; path = "Syne-Regular.ttf"; sourceTree = "<group>"; };
		E08B3CD428BE25D100140D22 /* Inter-Medium.otf */ = {isa = PBXFileReference; lastKnownFileType = file; path = "Inter-Medium.otf"; sourceTree = "<group>"; };
		E08B3CD528BE25D100140D22 /* Inter-Regular.otf */ = {isa = PBXFileReference; lastKnownFileType = file; path = "Inter-Regular.otf"; sourceTree = "<group>"; };
		E08B3CDB28BE288300140D22 /* UIColor+extension.swift */ = {isa = PBXFileReference; lastKnownFileType = sourcecode.swift; path = "UIColor+extension.swift"; sourceTree = "<group>"; };
		E08B3CDF28BE39FC00140D22 /* LoginController.swift */ = {isa = PBXFileReference; lastKnownFileType = sourcecode.swift; path = LoginController.swift; sourceTree = "<group>"; };
		E08B3CE128BE3A0B00140D22 /* LoginView.swift */ = {isa = PBXFileReference; lastKnownFileType = sourcecode.swift; path = LoginView.swift; sourceTree = "<group>"; };
		E0B16A4428DA1D740023228C /* thinkapp-ios.entitlements */ = {isa = PBXFileReference; lastKnownFileType = text.plist.entitlements; path = "thinkapp-ios.entitlements"; sourceTree = "<group>"; };
/* End PBXFileReference section */

/* Begin PBXFrameworksBuildPhase section */
		E014D7E628BE19380079FEFB /* Frameworks */ = {
			isa = PBXFrameworksBuildPhase;
			buildActionMask = 2147483647;
			files = (
				DEF961E6E93F6A7A9597E801 /* Pods_thinkapp_ios.framework in Frameworks */,
			);
			runOnlyForDeploymentPostprocessing = 0;
		};
/* End PBXFrameworksBuildPhase section */

/* Begin PBXGroup section */
		045462C728D1F5EA002473A7 /* SignUp */ = {
			isa = PBXGroup;
			children = (
				045462C828D1F61F002473A7 /* SignUpController.swift */,
				045462CA28D1F665002473A7 /* SignUpView.swift */,
			);
			path = SignUp;
			sourceTree = "<group>";
		};
		04820AFA28D4AB6F008F0720 /* Chat */ = {
			isa = PBXGroup;
			children = (
				04820AFB28D4AB8A008F0720 /* ChatController.swift */,
				04DE246628D9B4DF00B8E6F4 /* MeChatCell.swift */,
				04DE246828D9B4EA00B8E6F4 /* ChatCell.swift */,
				04F1156D28E320A500F5283F /* ChatPhotoPreview.swift */,
				04F1156C28E320A500F5283F /* ChatVideoPreview.swift */,
				04F1157028E320B000F5283F /* WelcomeCell.swift */,
				04F1157128E320B000F5283F /* WelcomeCell.xib */,
			);
			path = Chat;
			sourceTree = "<group>";
		};
		390F337E3FC1D37FCBDCE574 /* Frameworks */ = {
			isa = PBXGroup;
			children = (
				006BD91FAC3D5F13AC5F4962 /* Pods_thinkapp_ios.framework */,
			);
			name = Frameworks;
			sourceTree = "<group>";
		};
		400BC44328D4767D00F42081 /* API */ = {
			isa = PBXGroup;
			children = (
				400BC44428D4768600F42081 /* Networking */,
				400BC44528D4769300F42081 /* Models */,
			);
			path = API;
			sourceTree = "<group>";
		};
		400BC44428D4768600F42081 /* Networking */ = {
			isa = PBXGroup;
			children = (
				400BC45528D48CED00F42081 /* LoginAPI.swift */,
				400BC44628D476B600F42081 /* MapAPI.swift */,
				400BC44828D47A0300F42081 /* RequestInterceptor.swift */,
				400BC44D28D47C0000F42081 /* BaseAPI.swift */,
				400BC44F28D47C8000F42081 /* NetworkError.swift */,
			);
			path = Networking;
			sourceTree = "<group>";
		};
		400BC44528D4769300F42081 /* Models */ = {
			isa = PBXGroup;
			children = (
				400BC45328D47DE300F42081 /* MapMark.swift */,
				7FDC7F8B28E48AD300BEA5F6 /* Gender.swift */,
				4040370728D86B3600121306 /* UserModel.swift */,
			);
			path = Models;
			sourceTree = "<group>";
		};
		400BC44A28D47B5400F42081 /* Utils */ = {
			isa = PBXGroup;
			children = (
				400BC44B28D47B7000F42081 /* UserDefaults.swift */,
			);
			path = Utils;
			sourceTree = "<group>";
		};
		43433C9828C7921A00B568BA /* AddMark */ = {
			isa = PBXGroup;
			children = (
				43457B6C28CE7E3700122DE5 /* AddMarkViewController.swift */,
				43457B6A28CE7DFF00122DE5 /* AddMarkTableView.swift */,
				7FDC7F8928E489F500BEA5F6 /* BackButtonCell.swift */,
				43457B6E28CE80D200122DE5 /* AddMarkCell.swift */,
				43457B7228CF003100122DE5 /* MyMessageCell.swift */,
				43457B7028CE890A00122DE5 /* AddMarkCellType.swift */,
			);
			path = AddMark;
			sourceTree = "<group>";
		};
		43602A8628C63BA50084091B /* Filters */ = {
			isa = PBXGroup;
			children = (
				4354661828CAFE4F0084AAA4 /* FiltersViewController.swift */,
				4354660E28CAFD020084AAA4 /* FiltersTableView.swift */,
				4354661028CAFD330084AAA4 /* GenderPreferenceCell.swift */,
				4354661228CAFD550084AAA4 /* MaxDistanceCell.swift */,
				4354661428CAFD880084AAA4 /* AgeRangeCell.swift */,
				4354661628CAFDAC0084AAA4 /* DoneButtonCell.swift */,
				43457B6828CE765100122DE5 /* FiltersCellType.swift */,
			);
			path = Filters;
			sourceTree = "<group>";
		};
		66C6C017E50F131BE603031C /* Pods */ = {
			isa = PBXGroup;
			children = (
				64C47F6647DF25C0A933BC6E /* Pods-thinkapp-ios.debug.xcconfig */,
				BDEFFB997B9B34442D309467 /* Pods-thinkapp-ios.release.xcconfig */,
			);
			path = Pods;
			sourceTree = "<group>";
		};
		E00D78E928C0E6ED00D1214A /* MainMap */ = {
			isa = PBXGroup;
			children = (
				E00D78EC28C0E7E400D1214A /* MainMapController.swift */,
				E00D78EA28C0E7D600D1214A /* MainMapView.swift */,
				E00D78EE28C1034700D1214A /* AdventureMapOverlay.swift */,
				4040370B28D88F0100121306 /* CustomAnnotationView.swift */,
				40F220D428E17C5000886AFF /* CustomMarkerView.swift */,
			);
			path = MainMap;
			sourceTree = "<group>";
		};
		E014D7E028BE19380079FEFB = {
			isa = PBXGroup;
			children = (
				E014D7EB28BE19380079FEFB /* thinkapp-ios */,
				E014D7EA28BE19380079FEFB /* Products */,
				66C6C017E50F131BE603031C /* Pods */,
				390F337E3FC1D37FCBDCE574 /* Frameworks */,
			);
			sourceTree = "<group>";
		};
		E014D7EA28BE19380079FEFB /* Products */ = {
			isa = PBXGroup;
			children = (
				E014D7E928BE19380079FEFB /* thinkapp-ios.app */,
			);
			name = Products;
			sourceTree = "<group>";
		};
		E014D7EB28BE19380079FEFB /* thinkapp-ios */ = {
			isa = PBXGroup;
			children = (
				E0B16A4428DA1D740023228C /* thinkapp-ios.entitlements */,
				400BC44A28D47B5400F42081 /* Utils */,
				400BC44328D4767D00F42081 /* API */,
				E08B3CDD28BE39B800140D22 /* ViewControllers */,
				E08B3CDA28BE285D00140D22 /* Extension */,
				E014D80028BE19850079FEFB /* Base */,
			);
			path = "thinkapp-ios";
			sourceTree = "<group>";
		};
		E014D80028BE19850079FEFB /* Base */ = {
			isa = PBXGroup;
			children = (
				E08B3CD028BE21E000140D22 /* Font */,
				E014D7EC28BE19380079FEFB /* AppDelegate.swift */,
				E08B3CCA28BE1A3400140D22 /* AppCoordinator.swift */,
				E014D7EE28BE19380079FEFB /* SceneDelegate.swift */,
				E08B3CCB28BE1A3400140D22 /* MainRouter.swift */,
				E08B3CCE28BE1BF300140D22 /* Constants.swift */,
				E08B3CC828BE19EC00140D22 /* Assets.xcassets */,
				E014D7F728BE19390079FEFB /* LaunchScreen.storyboard */,
				04F1156A28E31F9700F5283F /* GoogleService-Info.plist */,
				E014D7FA28BE19390079FEFB /* Info.plist */,
			);
			path = Base;
			sourceTree = "<group>";
		};
		E08B3CD028BE21E000140D22 /* Font */ = {
			isa = PBXGroup;
			children = (
				E08B3CD228BE259F00140D22 /* Syne-Bold.ttf */,
				E08B3CD428BE25D100140D22 /* Inter-Medium.otf */,
				E08B3CD528BE25D100140D22 /* Inter-Regular.otf */,
				E08B3CD328BE259F00140D22 /* Syne-Regular.ttf */,
			);
			path = Font;
			sourceTree = "<group>";
		};
		E08B3CDA28BE285D00140D22 /* Extension */ = {
			isa = PBXGroup;
			children = (
				E08B3CDB28BE288300140D22 /* UIColor+extension.swift */,
			);
			path = Extension;
			sourceTree = "<group>";
		};
		E08B3CDD28BE39B800140D22 /* ViewControllers */ = {
			isa = PBXGroup;
			children = (
				04820AFA28D4AB6F008F0720 /* Chat */,
				43433C9828C7921A00B568BA /* AddMark */,
				43602A8628C63BA50084091B /* Filters */,
				E00D78E928C0E6ED00D1214A /* MainMap */,
				E08B3CF128C0BA1900140D22 /* Welcome */,
				045462C728D1F5EA002473A7 /* SignUp */,
				E08B3CDE28BE39D100140D22 /* Login */,
			);
			path = ViewControllers;
			sourceTree = "<group>";
		};
		E08B3CDE28BE39D100140D22 /* Login */ = {
			isa = PBXGroup;
			children = (
				E08B3CDF28BE39FC00140D22 /* LoginController.swift */,
				E08B3CE128BE3A0B00140D22 /* LoginView.swift */,
			);
			path = Login;
			sourceTree = "<group>";
		};
		E08B3CF128C0BA1900140D22 /* Welcome */ = {
			isa = PBXGroup;
			children = (
				E00D78E528C0BA7400D1214A /* WelcomeController.swift */,
				E00D78E728C0BA8400D1214A /* WelcomeView.swift */,
			);
			path = Welcome;
			sourceTree = "<group>";
		};
/* End PBXGroup section */

/* Begin PBXNativeTarget section */
		E014D7E828BE19380079FEFB /* thinkapp-ios */ = {
			isa = PBXNativeTarget;
			buildConfigurationList = E014D7FD28BE19390079FEFB /* Build configuration list for PBXNativeTarget "thinkapp-ios" */;
			buildPhases = (
				90342E536321395CAD1647DF /* [CP] Check Pods Manifest.lock */,
				E014D7E528BE19380079FEFB /* Sources */,
				E014D7E628BE19380079FEFB /* Frameworks */,
				E014D7E728BE19380079FEFB /* Resources */,
				1D656A89F4F255D2E5F86EFA /* [CP] Embed Pods Frameworks */,
				C4BA2F58CD7795C5728CB256 /* [CP] Copy Pods Resources */,
			);
			buildRules = (
			);
			dependencies = (
			);
			name = "thinkapp-ios";
			productName = "thinkapp-ios";
			productReference = E014D7E928BE19380079FEFB /* thinkapp-ios.app */;
			productType = "com.apple.product-type.application";
		};
/* End PBXNativeTarget section */

/* Begin PBXProject section */
		E014D7E128BE19380079FEFB /* Project object */ = {
			isa = PBXProject;
			attributes = {
				BuildIndependentTargetsInParallel = 1;
				LastSwiftUpdateCheck = 1340;
				LastUpgradeCheck = 1340;
				TargetAttributes = {
					E014D7E828BE19380079FEFB = {
						CreatedOnToolsVersion = 13.4.1;
					};
				};
			};
			buildConfigurationList = E014D7E428BE19380079FEFB /* Build configuration list for PBXProject "thinkapp-ios" */;
			compatibilityVersion = "Xcode 13.0";
			developmentRegion = en;
			hasScannedForEncodings = 0;
			knownRegions = (
				en,
				Base,
			);
			mainGroup = E014D7E028BE19380079FEFB;
			productRefGroup = E014D7EA28BE19380079FEFB /* Products */;
			projectDirPath = "";
			projectRoot = "";
			targets = (
				E014D7E828BE19380079FEFB /* thinkapp-ios */,
			);
		};
/* End PBXProject section */

/* Begin PBXResourcesBuildPhase section */
		E014D7E728BE19380079FEFB /* Resources */ = {
			isa = PBXResourcesBuildPhase;
			buildActionMask = 2147483647;
			files = (
				E08B3CC928BE19EC00140D22 /* Assets.xcassets in Resources */,
				E08B3CD828BE266200140D22 /* Inter-Regular.otf in Resources */,
				E08B3CD628BE265E00140D22 /* Syne-Bold.ttf in Resources */,
				E014D7F928BE19390079FEFB /* LaunchScreen.storyboard in Resources */,
				04F1157328E320B000F5283F /* WelcomeCell.xib in Resources */,
				E08B3CD928BE266400140D22 /* Syne-Regular.ttf in Resources */,
				E08B3CD728BE266000140D22 /* Inter-Medium.otf in Resources */,
				04F1156B28E31F9700F5283F /* GoogleService-Info.plist in Resources */,
			);
			runOnlyForDeploymentPostprocessing = 0;
		};
/* End PBXResourcesBuildPhase section */

/* Begin PBXShellScriptBuildPhase section */
		1D656A89F4F255D2E5F86EFA /* [CP] Embed Pods Frameworks */ = {
			isa = PBXShellScriptBuildPhase;
			buildActionMask = 2147483647;
			files = (
			);
			inputFileListPaths = (
				"${PODS_ROOT}/Target Support Files/Pods-thinkapp-ios/Pods-thinkapp-ios-frameworks-${CONFIGURATION}-input-files.xcfilelist",
			);
			name = "[CP] Embed Pods Frameworks";
			outputFileListPaths = (
				"${PODS_ROOT}/Target Support Files/Pods-thinkapp-ios/Pods-thinkapp-ios-frameworks-${CONFIGURATION}-output-files.xcfilelist",
			);
			runOnlyForDeploymentPostprocessing = 0;
			shellPath = /bin/sh;
			shellScript = "\"${PODS_ROOT}/Target Support Files/Pods-thinkapp-ios/Pods-thinkapp-ios-frameworks.sh\"\n";
			showEnvVarsInLog = 0;
		};
		90342E536321395CAD1647DF /* [CP] Check Pods Manifest.lock */ = {
			isa = PBXShellScriptBuildPhase;
			buildActionMask = 2147483647;
			files = (
			);
			inputFileListPaths = (
			);
			inputPaths = (
				"${PODS_PODFILE_DIR_PATH}/Podfile.lock",
				"${PODS_ROOT}/Manifest.lock",
			);
			name = "[CP] Check Pods Manifest.lock";
			outputFileListPaths = (
			);
			outputPaths = (
				"$(DERIVED_FILE_DIR)/Pods-thinkapp-ios-checkManifestLockResult.txt",
			);
			runOnlyForDeploymentPostprocessing = 0;
			shellPath = /bin/sh;
			shellScript = "diff \"${PODS_PODFILE_DIR_PATH}/Podfile.lock\" \"${PODS_ROOT}/Manifest.lock\" > /dev/null\nif [ $? != 0 ] ; then\n    # print error to STDERR\n    echo \"error: The sandbox is not in sync with the Podfile.lock. Run 'pod install' or update your CocoaPods installation.\" >&2\n    exit 1\nfi\n# This output is used by Xcode 'outputs' to avoid re-running this script phase.\necho \"SUCCESS\" > \"${SCRIPT_OUTPUT_FILE_0}\"\n";
			showEnvVarsInLog = 0;
		};
		C4BA2F58CD7795C5728CB256 /* [CP] Copy Pods Resources */ = {
			isa = PBXShellScriptBuildPhase;
			buildActionMask = 2147483647;
			files = (
			);
			inputFileListPaths = (
				"${PODS_ROOT}/Target Support Files/Pods-thinkapp-ios/Pods-thinkapp-ios-resources-${CONFIGURATION}-input-files.xcfilelist",
			);
			name = "[CP] Copy Pods Resources";
			outputFileListPaths = (
				"${PODS_ROOT}/Target Support Files/Pods-thinkapp-ios/Pods-thinkapp-ios-resources-${CONFIGURATION}-output-files.xcfilelist",
			);
			runOnlyForDeploymentPostprocessing = 0;
			shellPath = /bin/sh;
			shellScript = "\"${PODS_ROOT}/Target Support Files/Pods-thinkapp-ios/Pods-thinkapp-ios-resources.sh\"\n";
			showEnvVarsInLog = 0;
		};
/* End PBXShellScriptBuildPhase section */

/* Begin PBXSourcesBuildPhase section */
		E014D7E528BE19380079FEFB /* Sources */ = {
			isa = PBXSourcesBuildPhase;
			buildActionMask = 2147483647;
			files = (
				04F1157228E320B000F5283F /* WelcomeCell.swift in Sources */,
				E08B3CCF28BE1BF300140D22 /* Constants.swift in Sources */,
				04DE246728D9B4DF00B8E6F4 /* MeChatCell.swift in Sources */,
				400BC45028D47C8000F42081 /* NetworkError.swift in Sources */,
				400BC45628D48CED00F42081 /* LoginAPI.swift in Sources */,
				E08B3CCC28BE1A3400140D22 /* AppCoordinator.swift in Sources */,
				43457B7128CE890A00122DE5 /* AddMarkCellType.swift in Sources */,
				400BC44728D476B600F42081 /* MapAPI.swift in Sources */,
				7FDC7F8A28E489F500BEA5F6 /* BackButtonCell.swift in Sources */,
				7FDC7F8C28E48AD300BEA5F6 /* Gender.swift in Sources */,
				E00D78EB28C0E7D600D1214A /* MainMapView.swift in Sources */,
				04F1156E28E320A500F5283F /* ChatVideoPreview.swift in Sources */,
				E08B3CCD28BE1A3400140D22 /* MainRouter.swift in Sources */,
				4040370828D86B3600121306 /* UserModel.swift in Sources */,
				43457B6B28CE7DFF00122DE5 /* AddMarkTableView.swift in Sources */,
				43457B6928CE765100122DE5 /* FiltersCellType.swift in Sources */,
				4354661728CAFDAC0084AAA4 /* DoneButtonCell.swift in Sources */,
				E08B3CDC28BE288400140D22 /* UIColor+extension.swift in Sources */,
				400BC44928D47A0300F42081 /* RequestInterceptor.swift in Sources */,
				E014D7ED28BE19380079FEFB /* AppDelegate.swift in Sources */,
				E00D78EF28C1034700D1214A /* AdventureMapOverlay.swift in Sources */,
				04F1156F28E320A500F5283F /* ChatPhotoPreview.swift in Sources */,
				E00D78E828C0BA8400D1214A /* WelcomeView.swift in Sources */,
				4354661328CAFD550084AAA4 /* MaxDistanceCell.swift in Sources */,
				400BC44E28D47C0000F42081 /* BaseAPI.swift in Sources */,
				045462C928D1F61F002473A7 /* SignUpController.swift in Sources */,
				4354661128CAFD330084AAA4 /* GenderPreferenceCell.swift in Sources */,
				E014D7EF28BE19380079FEFB /* SceneDelegate.swift in Sources */,
				045462CB28D1F665002473A7 /* SignUpView.swift in Sources */,
				E00D78E628C0BA7400D1214A /* WelcomeController.swift in Sources */,
				40F220D528E17C5000886AFF /* CustomMarkerView.swift in Sources */,
				E00D78ED28C0E7E400D1214A /* MainMapController.swift in Sources */,
				43457B7328CF003100122DE5 /* MyMessageCell.swift in Sources */,
				4354661928CAFE4F0084AAA4 /* FiltersViewController.swift in Sources */,
				E08B3CE228BE3A0B00140D22 /* LoginView.swift in Sources */,
				43457B6D28CE7E3700122DE5 /* AddMarkViewController.swift in Sources */,
				4354660F28CAFD020084AAA4 /* FiltersTableView.swift in Sources */,
				400BC44C28D47B7000F42081 /* UserDefaults.swift in Sources */,
				400BC45428D47DE300F42081 /* MapMark.swift in Sources */,
				04DE246928D9B4EA00B8E6F4 /* ChatCell.swift in Sources */,
				4354661528CAFD880084AAA4 /* AgeRangeCell.swift in Sources */,
				04820AFC28D4AB8A008F0720 /* ChatController.swift in Sources */,
				43457B6F28CE80D200122DE5 /* AddMarkCell.swift in Sources */,
				4040370C28D88F0100121306 /* CustomAnnotationView.swift in Sources */,
				E08B3CE028BE39FC00140D22 /* LoginController.swift in Sources */,
			);
			runOnlyForDeploymentPostprocessing = 0;
		};
/* End PBXSourcesBuildPhase section */

/* Begin PBXVariantGroup section */
		E014D7F728BE19390079FEFB /* LaunchScreen.storyboard */ = {
			isa = PBXVariantGroup;
			children = (
				E014D7F828BE19390079FEFB /* Base */,
			);
			name = LaunchScreen.storyboard;
			sourceTree = "<group>";
		};
/* End PBXVariantGroup section */

/* Begin XCBuildConfiguration section */
		E014D7FB28BE19390079FEFB /* Debug */ = {
			isa = XCBuildConfiguration;
			buildSettings = {
				ALWAYS_SEARCH_USER_PATHS = NO;
				CLANG_ANALYZER_NONNULL = YES;
				CLANG_ANALYZER_NUMBER_OBJECT_CONVERSION = YES_AGGRESSIVE;
				CLANG_CXX_LANGUAGE_STANDARD = "gnu++17";
				CLANG_ENABLE_MODULES = YES;
				CLANG_ENABLE_OBJC_ARC = YES;
				CLANG_ENABLE_OBJC_WEAK = YES;
				CLANG_WARN_BLOCK_CAPTURE_AUTORELEASING = YES;
				CLANG_WARN_BOOL_CONVERSION = YES;
				CLANG_WARN_COMMA = YES;
				CLANG_WARN_CONSTANT_CONVERSION = YES;
				CLANG_WARN_DEPRECATED_OBJC_IMPLEMENTATIONS = YES;
				CLANG_WARN_DIRECT_OBJC_ISA_USAGE = YES_ERROR;
				CLANG_WARN_DOCUMENTATION_COMMENTS = YES;
				CLANG_WARN_EMPTY_BODY = YES;
				CLANG_WARN_ENUM_CONVERSION = YES;
				CLANG_WARN_INFINITE_RECURSION = YES;
				CLANG_WARN_INT_CONVERSION = YES;
				CLANG_WARN_NON_LITERAL_NULL_CONVERSION = YES;
				CLANG_WARN_OBJC_IMPLICIT_RETAIN_SELF = YES;
				CLANG_WARN_OBJC_LITERAL_CONVERSION = YES;
				CLANG_WARN_OBJC_ROOT_CLASS = YES_ERROR;
				CLANG_WARN_QUOTED_INCLUDE_IN_FRAMEWORK_HEADER = YES;
				CLANG_WARN_RANGE_LOOP_ANALYSIS = YES;
				CLANG_WARN_STRICT_PROTOTYPES = YES;
				CLANG_WARN_SUSPICIOUS_MOVE = YES;
				CLANG_WARN_UNGUARDED_AVAILABILITY = YES_AGGRESSIVE;
				CLANG_WARN_UNREACHABLE_CODE = YES;
				CLANG_WARN__DUPLICATE_METHOD_MATCH = YES;
				COPY_PHASE_STRIP = NO;
				DEBUG_INFORMATION_FORMAT = dwarf;
				ENABLE_STRICT_OBJC_MSGSEND = YES;
				ENABLE_TESTABILITY = YES;
				GCC_C_LANGUAGE_STANDARD = gnu11;
				GCC_DYNAMIC_NO_PIC = NO;
				GCC_NO_COMMON_BLOCKS = YES;
				GCC_OPTIMIZATION_LEVEL = 0;
				GCC_PREPROCESSOR_DEFINITIONS = (
					"DEBUG=1",
					"$(inherited)",
				);
				GCC_WARN_64_TO_32_BIT_CONVERSION = YES;
				GCC_WARN_ABOUT_RETURN_TYPE = YES_ERROR;
				GCC_WARN_UNDECLARED_SELECTOR = YES;
				GCC_WARN_UNINITIALIZED_AUTOS = YES_AGGRESSIVE;
				GCC_WARN_UNUSED_FUNCTION = YES;
				GCC_WARN_UNUSED_VARIABLE = YES;
				IPHONEOS_DEPLOYMENT_TARGET = 15.2;
				MTL_ENABLE_DEBUG_INFO = INCLUDE_SOURCE;
				MTL_FAST_MATH = YES;
				ONLY_ACTIVE_ARCH = YES;
				SDKROOT = iphoneos;
				SWIFT_ACTIVE_COMPILATION_CONDITIONS = DEBUG;
				SWIFT_OPTIMIZATION_LEVEL = "-Onone";
			};
			name = Debug;
		};
		E014D7FC28BE19390079FEFB /* Release */ = {
			isa = XCBuildConfiguration;
			buildSettings = {
				ALWAYS_SEARCH_USER_PATHS = NO;
				CLANG_ANALYZER_NONNULL = YES;
				CLANG_ANALYZER_NUMBER_OBJECT_CONVERSION = YES_AGGRESSIVE;
				CLANG_CXX_LANGUAGE_STANDARD = "gnu++17";
				CLANG_ENABLE_MODULES = YES;
				CLANG_ENABLE_OBJC_ARC = YES;
				CLANG_ENABLE_OBJC_WEAK = YES;
				CLANG_WARN_BLOCK_CAPTURE_AUTORELEASING = YES;
				CLANG_WARN_BOOL_CONVERSION = YES;
				CLANG_WARN_COMMA = YES;
				CLANG_WARN_CONSTANT_CONVERSION = YES;
				CLANG_WARN_DEPRECATED_OBJC_IMPLEMENTATIONS = YES;
				CLANG_WARN_DIRECT_OBJC_ISA_USAGE = YES_ERROR;
				CLANG_WARN_DOCUMENTATION_COMMENTS = YES;
				CLANG_WARN_EMPTY_BODY = YES;
				CLANG_WARN_ENUM_CONVERSION = YES;
				CLANG_WARN_INFINITE_RECURSION = YES;
				CLANG_WARN_INT_CONVERSION = YES;
				CLANG_WARN_NON_LITERAL_NULL_CONVERSION = YES;
				CLANG_WARN_OBJC_IMPLICIT_RETAIN_SELF = YES;
				CLANG_WARN_OBJC_LITERAL_CONVERSION = YES;
				CLANG_WARN_OBJC_ROOT_CLASS = YES_ERROR;
				CLANG_WARN_QUOTED_INCLUDE_IN_FRAMEWORK_HEADER = YES;
				CLANG_WARN_RANGE_LOOP_ANALYSIS = YES;
				CLANG_WARN_STRICT_PROTOTYPES = YES;
				CLANG_WARN_SUSPICIOUS_MOVE = YES;
				CLANG_WARN_UNGUARDED_AVAILABILITY = YES_AGGRESSIVE;
				CLANG_WARN_UNREACHABLE_CODE = YES;
				CLANG_WARN__DUPLICATE_METHOD_MATCH = YES;
				COPY_PHASE_STRIP = NO;
				DEBUG_INFORMATION_FORMAT = "dwarf-with-dsym";
				ENABLE_NS_ASSERTIONS = NO;
				ENABLE_STRICT_OBJC_MSGSEND = YES;
				GCC_C_LANGUAGE_STANDARD = gnu11;
				GCC_NO_COMMON_BLOCKS = YES;
				GCC_WARN_64_TO_32_BIT_CONVERSION = YES;
				GCC_WARN_ABOUT_RETURN_TYPE = YES_ERROR;
				GCC_WARN_UNDECLARED_SELECTOR = YES;
				GCC_WARN_UNINITIALIZED_AUTOS = YES_AGGRESSIVE;
				GCC_WARN_UNUSED_FUNCTION = YES;
				GCC_WARN_UNUSED_VARIABLE = YES;
				IPHONEOS_DEPLOYMENT_TARGET = 15.2;
				MTL_ENABLE_DEBUG_INFO = NO;
				MTL_FAST_MATH = YES;
				SDKROOT = iphoneos;
				SWIFT_COMPILATION_MODE = wholemodule;
				SWIFT_OPTIMIZATION_LEVEL = "-O";
				VALIDATE_PRODUCT = YES;
			};
			name = Release;
		};
		E014D7FE28BE19390079FEFB /* Debug */ = {
			isa = XCBuildConfiguration;
			baseConfigurationReference = 64C47F6647DF25C0A933BC6E /* Pods-thinkapp-ios.debug.xcconfig */;
			buildSettings = {
				ASSETCATALOG_COMPILER_APPICON_NAME = AppIcon;
				ASSETCATALOG_COMPILER_GLOBAL_ACCENT_COLOR_NAME = AccentColor;
				CODE_SIGN_ENTITLEMENTS = "thinkapp-ios/thinkapp-ios.entitlements";
				CODE_SIGN_IDENTITY = "Apple Development";
				CODE_SIGN_STYLE = Automatic;
				CURRENT_PROJECT_VERSION = 1;
				DEVELOPMENT_TEAM = H83SG7N4Z9;
				EXCLUDED_ARCHS = "";
				GENERATE_INFOPLIST_FILE = YES;
				INFOPLIST_FILE = "thinkapp-ios/Base/Info.plist";
				INFOPLIST_KEY_LSApplicationCategoryType = "";
				INFOPLIST_KEY_NSLocationWhenInUseUsageDescription = "To determine the location";
				INFOPLIST_KEY_UIApplicationSupportsIndirectInputEvents = YES;
				INFOPLIST_KEY_UILaunchStoryboardName = LaunchScreen;
				INFOPLIST_KEY_UISupportedInterfaceOrientations_iPad = "UIInterfaceOrientationPortrait UIInterfaceOrientationPortraitUpsideDown UIInterfaceOrientationLandscapeLeft UIInterfaceOrientationLandscapeRight";
				INFOPLIST_KEY_UISupportedInterfaceOrientations_iPhone = "UIInterfaceOrientationPortrait UIInterfaceOrientationLandscapeLeft UIInterfaceOrientationLandscapeRight";
				IPHONEOS_DEPLOYMENT_TARGET = 13.1;
				LD_RUNPATH_SEARCH_PATHS = (
					"$(inherited)",
					"@executable_path/Frameworks",
				);
				MARKETING_VERSION = 1.0;
				ONLY_ACTIVE_ARCH = YES;
				PRODUCT_BUNDLE_IDENTIFIER = "jele.thinkapp-ios";
				PRODUCT_NAME = "$(TARGET_NAME)";
				PROVISIONING_PROFILE_SPECIFIER = "";
				SDKROOT = iphoneos;
				SWIFT_EMIT_LOC_STRINGS = YES;
				SWIFT_VERSION = 5.0;
				TARGETED_DEVICE_FAMILY = 1;
			};
			name = Debug;
		};
		E014D7FF28BE19390079FEFB /* Release */ = {
			isa = XCBuildConfiguration;
			baseConfigurationReference = BDEFFB997B9B34442D309467 /* Pods-thinkapp-ios.release.xcconfig */;
			buildSettings = {
				ASSETCATALOG_COMPILER_APPICON_NAME = AppIcon;
				ASSETCATALOG_COMPILER_GLOBAL_ACCENT_COLOR_NAME = AccentColor;
				CODE_SIGN_ENTITLEMENTS = "thinkapp-ios/thinkapp-ios.entitlements";
				CODE_SIGN_IDENTITY = "Apple Development";
				CODE_SIGN_STYLE = Automatic;
				CURRENT_PROJECT_VERSION = 1;
				DEVELOPMENT_TEAM = H83SG7N4Z9;
				EXCLUDED_ARCHS = "";
				GENERATE_INFOPLIST_FILE = YES;
				INFOPLIST_FILE = "thinkapp-ios/Base/Info.plist";
				INFOPLIST_KEY_LSApplicationCategoryType = "";
				INFOPLIST_KEY_NSLocationWhenInUseUsageDescription = "To determine the location";
				INFOPLIST_KEY_UIApplicationSupportsIndirectInputEvents = YES;
				INFOPLIST_KEY_UILaunchStoryboardName = LaunchScreen;
				INFOPLIST_KEY_UISupportedInterfaceOrientations_iPad = "UIInterfaceOrientationPortrait UIInterfaceOrientationPortraitUpsideDown UIInterfaceOrientationLandscapeLeft UIInterfaceOrientationLandscapeRight";
				INFOPLIST_KEY_UISupportedInterfaceOrientations_iPhone = "UIInterfaceOrientationPortrait UIInterfaceOrientationLandscapeLeft UIInterfaceOrientationLandscapeRight";
				IPHONEOS_DEPLOYMENT_TARGET = 13.1;
				LD_RUNPATH_SEARCH_PATHS = (
					"$(inherited)",
					"@executable_path/Frameworks",
				);
				MARKETING_VERSION = 1.0;
				ONLY_ACTIVE_ARCH = NO;
				PRODUCT_BUNDLE_IDENTIFIER = "jele.thinkapp-ios";
				PRODUCT_NAME = "$(TARGET_NAME)";
				PROVISIONING_PROFILE_SPECIFIER = "";
				SDKROOT = iphoneos;
				SWIFT_EMIT_LOC_STRINGS = YES;
				SWIFT_VERSION = 5.0;
				TARGETED_DEVICE_FAMILY = 1;
			};
			name = Release;
		};
/* End XCBuildConfiguration section */

/* Begin XCConfigurationList section */
		E014D7E428BE19380079FEFB /* Build configuration list for PBXProject "thinkapp-ios" */ = {
			isa = XCConfigurationList;
			buildConfigurations = (
				E014D7FB28BE19390079FEFB /* Debug */,
				E014D7FC28BE19390079FEFB /* Release */,
			);
			defaultConfigurationIsVisible = 0;
			defaultConfigurationName = Release;
		};
		E014D7FD28BE19390079FEFB /* Build configuration list for PBXNativeTarget "thinkapp-ios" */ = {
			isa = XCConfigurationList;
			buildConfigurations = (
				E014D7FE28BE19390079FEFB /* Debug */,
				E014D7FF28BE19390079FEFB /* Release */,
			);
			defaultConfigurationIsVisible = 0;
			defaultConfigurationName = Release;
		};
/* End XCConfigurationList section */
	};
	rootObject = E014D7E128BE19380079FEFB /* Project object */;
}
