// !$*UTF8*$!
{
	archiveVersion = 1;
	classes = {
	};
	objectVersion = 55;
	objects = {

/* Begin PBXBuildFile section */
		43433C9A28C7926B00B568BA /* AddMarkController.swift in Sources */ = {isa = PBXBuildFile; fileRef = 43433C9928C7926B00B568BA /* AddMarkController.swift */; };
		4354660F28CAFD020084AAA4 /* FiltersTableView.swift in Sources */ = {isa = PBXBuildFile; fileRef = 4354660E28CAFD020084AAA4 /* FiltersTableView.swift */; };
		4354661128CAFD330084AAA4 /* GenderPreferenceCell.swift in Sources */ = {isa = PBXBuildFile; fileRef = 4354661028CAFD330084AAA4 /* GenderPreferenceCell.swift */; };
		4354661328CAFD550084AAA4 /* MaxDistanceCell.swift in Sources */ = {isa = PBXBuildFile; fileRef = 4354661228CAFD550084AAA4 /* MaxDistanceCell.swift */; };
		4354661528CAFD880084AAA4 /* AgeRangeCell.swift in Sources */ = {isa = PBXBuildFile; fileRef = 4354661428CAFD880084AAA4 /* AgeRangeCell.swift */; };
		4354661728CAFDAC0084AAA4 /* DoneButtonCell.swift in Sources */ = {isa = PBXBuildFile; fileRef = 4354661628CAFDAC0084AAA4 /* DoneButtonCell.swift */; };
		4354661928CAFE4F0084AAA4 /* FiltersViewController.swift in Sources */ = {isa = PBXBuildFile; fileRef = 4354661828CAFE4F0084AAA4 /* FiltersViewController.swift */; };
		43F1537028C7C06A00B70344 /* AddMark.storyboard in Resources */ = {isa = PBXBuildFile; fileRef = 43433C9B28C7929400B568BA /* AddMark.storyboard */; };
		DEF961E6E93F6A7A9597E801 /* Pods_thinkapp_ios.framework in Frameworks */ = {isa = PBXBuildFile; fileRef = 006BD91FAC3D5F13AC5F4962 /* Pods_thinkapp_ios.framework */; };
		E00D78E628C0BA7400D1214A /* WelcomeController.swift in Sources */ = {isa = PBXBuildFile; fileRef = E00D78E528C0BA7400D1214A /* WelcomeController.swift */; };
		E00D78E828C0BA8400D1214A /* WelcomeView.swift in Sources */ = {isa = PBXBuildFile; fileRef = E00D78E728C0BA8400D1214A /* WelcomeView.swift */; };
		E00D78EB28C0E7D600D1214A /* MainMapView.swift in Sources */ = {isa = PBXBuildFile; fileRef = E00D78EA28C0E7D600D1214A /* MainMapView.swift */; };
		E00D78ED28C0E7E400D1214A /* MainMapController.swift in Sources */ = {isa = PBXBuildFile; fileRef = E00D78EC28C0E7E400D1214A /* MainMapController.swift */; };
		E00D78EF28C1034700D1214A /* AdventureMapOverlay.swift in Sources */ = {isa = PBXBuildFile; fileRef = E00D78EE28C1034700D1214A /* AdventureMapOverlay.swift */; };
		E014D7ED28BE19380079FEFB /* AppDelegate.swift in Sources */ = {isa = PBXBuildFile; fileRef = E014D7EC28BE19380079FEFB /* AppDelegate.swift */; };
		E014D7EF28BE19380079FEFB /* SceneDelegate.swift in Sources */ = {isa = PBXBuildFile; fileRef = E014D7EE28BE19380079FEFB /* SceneDelegate.swift */; };
		E014D7F928BE19390079FEFB /* LaunchScreen.storyboard in Resources */ = {isa = PBXBuildFile; fileRef = E014D7F728BE19390079FEFB /* LaunchScreen.storyboard */; };
		E08B3CC928BE19EC00140D22 /* Assets.xcassets in Resources */ = {isa = PBXBuildFile; fileRef = E08B3CC828BE19EC00140D22 /* Assets.xcassets */; };
		E08B3CCC28BE1A3400140D22 /* AppCoordinator.swift in Sources */ = {isa = PBXBuildFile; fileRef = E08B3CCA28BE1A3400140D22 /* AppCoordinator.swift */; };
		E08B3CCD28BE1A3400140D22 /* MainRouter.swift in Sources */ = {isa = PBXBuildFile; fileRef = E08B3CCB28BE1A3400140D22 /* MainRouter.swift */; };
		E08B3CCF28BE1BF300140D22 /* Constants.swift in Sources */ = {isa = PBXBuildFile; fileRef = E08B3CCE28BE1BF300140D22 /* Constants.swift */; };
		E08B3CD628BE265E00140D22 /* Syne-Bold.ttf in Resources */ = {isa = PBXBuildFile; fileRef = E08B3CD228BE259F00140D22 /* Syne-Bold.ttf */; };
		E08B3CD728BE266000140D22 /* Inter-Medium.otf in Resources */ = {isa = PBXBuildFile; fileRef = E08B3CD428BE25D100140D22 /* Inter-Medium.otf */; };
		E08B3CD828BE266200140D22 /* Inter-Regular.otf in Resources */ = {isa = PBXBuildFile; fileRef = E08B3CD528BE25D100140D22 /* Inter-Regular.otf */; };
		E08B3CD928BE266400140D22 /* Syne-Regular.ttf in Resources */ = {isa = PBXBuildFile; fileRef = E08B3CD328BE259F00140D22 /* Syne-Regular.ttf */; };
		E08B3CDC28BE288400140D22 /* UIColor+extension.swift in Sources */ = {isa = PBXBuildFile; fileRef = E08B3CDB28BE288300140D22 /* UIColor+extension.swift */; };
		E08B3CE028BE39FC00140D22 /* LoginController.swift in Sources */ = {isa = PBXBuildFile; fileRef = E08B3CDF28BE39FC00140D22 /* LoginController.swift */; };
		E08B3CE228BE3A0B00140D22 /* LoginView.swift in Sources */ = {isa = PBXBuildFile; fileRef = E08B3CE128BE3A0B00140D22 /* LoginView.swift */; };
/* End PBXBuildFile section */

/* Begin PBXFileReference section */
		006BD91FAC3D5F13AC5F4962 /* Pods_thinkapp_ios.framework */ = {isa = PBXFileReference; explicitFileType = wrapper.framework; includeInIndex = 0; path = Pods_thinkapp_ios.framework; sourceTree = BUILT_PRODUCTS_DIR; };
		43433C9928C7926B00B568BA /* AddMarkController.swift */ = {isa = PBXFileReference; lastKnownFileType = sourcecode.swift; path = AddMarkController.swift; sourceTree = "<group>"; };
		43433C9B28C7929400B568BA /* AddMark.storyboard */ = {isa = PBXFileReference; lastKnownFileType = file.storyboard; path = AddMark.storyboard; sourceTree = "<group>"; };
		4354660E28CAFD020084AAA4 /* FiltersTableView.swift */ = {isa = PBXFileReference; lastKnownFileType = sourcecode.swift; path = FiltersTableView.swift; sourceTree = "<group>"; };
		4354661028CAFD330084AAA4 /* GenderPreferenceCell.swift */ = {isa = PBXFileReference; lastKnownFileType = sourcecode.swift; path = GenderPreferenceCell.swift; sourceTree = "<group>"; };
		4354661228CAFD550084AAA4 /* MaxDistanceCell.swift */ = {isa = PBXFileReference; lastKnownFileType = sourcecode.swift; path = MaxDistanceCell.swift; sourceTree = "<group>"; };
		4354661428CAFD880084AAA4 /* AgeRangeCell.swift */ = {isa = PBXFileReference; lastKnownFileType = sourcecode.swift; path = AgeRangeCell.swift; sourceTree = "<group>"; };
		4354661628CAFDAC0084AAA4 /* DoneButtonCell.swift */ = {isa = PBXFileReference; lastKnownFileType = sourcecode.swift; path = DoneButtonCell.swift; sourceTree = "<group>"; };
		4354661828CAFE4F0084AAA4 /* FiltersViewController.swift */ = {isa = PBXFileReference; lastKnownFileType = sourcecode.swift; path = FiltersViewController.swift; sourceTree = "<group>"; };
		64C47F6647DF25C0A933BC6E /* Pods-thinkapp-ios.debug.xcconfig */ = {isa = PBXFileReference; includeInIndex = 1; lastKnownFileType = text.xcconfig; name = "Pods-thinkapp-ios.debug.xcconfig"; path = "Target Support Files/Pods-thinkapp-ios/Pods-thinkapp-ios.debug.xcconfig"; sourceTree = "<group>"; };
		BDEFFB997B9B34442D309467 /* Pods-thinkapp-ios.release.xcconfig */ = {isa = PBXFileReference; includeInIndex = 1; lastKnownFileType = text.xcconfig; name = "Pods-thinkapp-ios.release.xcconfig"; path = "Target Support Files/Pods-thinkapp-ios/Pods-thinkapp-ios.release.xcconfig"; sourceTree = "<group>"; };
		E00D78E528C0BA7400D1214A /* WelcomeController.swift */ = {isa = PBXFileReference; lastKnownFileType = sourcecode.swift; path = WelcomeController.swift; sourceTree = "<group>"; };
		E00D78E728C0BA8400D1214A /* WelcomeView.swift */ = {isa = PBXFileReference; lastKnownFileType = sourcecode.swift; path = WelcomeView.swift; sourceTree = "<group>"; };
		E00D78EA28C0E7D600D1214A /* MainMapView.swift */ = {isa = PBXFileReference; lastKnownFileType = sourcecode.swift; path = MainMapView.swift; sourceTree = "<group>"; };
		E00D78EC28C0E7E400D1214A /* MainMapController.swift */ = {isa = PBXFileReference; lastKnownFileType = sourcecode.swift; path = MainMapController.swift; sourceTree = "<group>"; };
		E00D78EE28C1034700D1214A /* AdventureMapOverlay.swift */ = {isa = PBXFileReference; lastKnownFileType = sourcecode.swift; path = AdventureMapOverlay.swift; sourceTree = "<group>"; };
		E014D7E928BE19380079FEFB /* thinkapp-ios.app */ = {isa = PBXFileReference; explicitFileType = wrapper.application; includeInIndex = 0; path = "thinkapp-ios.app"; sourceTree = BUILT_PRODUCTS_DIR; };
		E014D7EC28BE19380079FEFB /* AppDelegate.swift */ = {isa = PBXFileReference; lastKnownFileType = sourcecode.swift; path = AppDelegate.swift; sourceTree = "<group>"; };
		E014D7EE28BE19380079FEFB /* SceneDelegate.swift */ = {isa = PBXFileReference; lastKnownFileType = sourcecode.swift; path = SceneDelegate.swift; sourceTree = "<group>"; };
		E014D7F828BE19390079FEFB /* Base */ = {isa = PBXFileReference; lastKnownFileType = file.storyboard; name = Base; path = Base.lproj/LaunchScreen.storyboard; sourceTree = "<group>"; };
		E014D7FA28BE19390079FEFB /* Info.plist */ = {isa = PBXFileReference; lastKnownFileType = text.plist.xml; path = Info.plist; sourceTree = "<group>"; };
		E08B3CC828BE19EC00140D22 /* Assets.xcassets */ = {isa = PBXFileReference; lastKnownFileType = folder.assetcatalog; path = Assets.xcassets; sourceTree = "<group>"; };
		E08B3CCA28BE1A3400140D22 /* AppCoordinator.swift */ = {isa = PBXFileReference; fileEncoding = 4; lastKnownFileType = sourcecode.swift; path = AppCoordinator.swift; sourceTree = "<group>"; };
		E08B3CCB28BE1A3400140D22 /* MainRouter.swift */ = {isa = PBXFileReference; fileEncoding = 4; lastKnownFileType = sourcecode.swift; path = MainRouter.swift; sourceTree = "<group>"; };
		E08B3CCE28BE1BF300140D22 /* Constants.swift */ = {isa = PBXFileReference; lastKnownFileType = sourcecode.swift; path = Constants.swift; sourceTree = "<group>"; };
		E08B3CD228BE259F00140D22 /* Syne-Bold.ttf */ = {isa = PBXFileReference; lastKnownFileType = file; path = "Syne-Bold.ttf"; sourceTree = "<group>"; };
		E08B3CD328BE259F00140D22 /* Syne-Regular.ttf */ = {isa = PBXFileReference; lastKnownFileType = file; path = "Syne-Regular.ttf"; sourceTree = "<group>"; };
		E08B3CD428BE25D100140D22 /* Inter-Medium.otf */ = {isa = PBXFileReference; lastKnownFileType = file; path = "Inter-Medium.otf"; sourceTree = "<group>"; };
		E08B3CD528BE25D100140D22 /* Inter-Regular.otf */ = {isa = PBXFileReference; lastKnownFileType = file; path = "Inter-Regular.otf"; sourceTree = "<group>"; };
		E08B3CDB28BE288300140D22 /* UIColor+extension.swift */ = {isa = PBXFileReference; lastKnownFileType = sourcecode.swift; path = "UIColor+extension.swift"; sourceTree = "<group>"; };
		E08B3CDF28BE39FC00140D22 /* LoginController.swift */ = {isa = PBXFileReference; lastKnownFileType = sourcecode.swift; path = LoginController.swift; sourceTree = "<group>"; };
		E08B3CE128BE3A0B00140D22 /* LoginView.swift */ = {isa = PBXFileReference; lastKnownFileType = sourcecode.swift; path = LoginView.swift; sourceTree = "<group>"; };
/* End PBXFileReference section */

/* Begin PBXFrameworksBuildPhase section */
		E014D7E628BE19380079FEFB /* Frameworks */ = {
			isa = PBXFrameworksBuildPhase;
			buildActionMask = 2147483647;
			files = (
				DEF961E6E93F6A7A9597E801 /* Pods_thinkapp_ios.framework in Frameworks */,
			);
			runOnlyForDeploymentPostprocessing = 0;
		};
/* End PBXFrameworksBuildPhase section */

/* Begin PBXGroup section */
		390F337E3FC1D37FCBDCE574 /* Frameworks */ = {
			isa = PBXGroup;
			children = (
				006BD91FAC3D5F13AC5F4962 /* Pods_thinkapp_ios.framework */,
			);
			name = Frameworks;
			sourceTree = "<group>";
		};
		43433C9828C7921A00B568BA /* AddMark */ = {
			isa = PBXGroup;
			children = (
				43433C9928C7926B00B568BA /* AddMarkController.swift */,
				43433C9B28C7929400B568BA /* AddMark.storyboard */,
			);
			path = AddMark;
			sourceTree = "<group>";
		};
		43602A8628C63BA50084091B /* Filters */ = {
			isa = PBXGroup;
			children = (
				4354661828CAFE4F0084AAA4 /* FiltersViewController.swift */,
				4354660E28CAFD020084AAA4 /* FiltersTableView.swift */,
				4354661028CAFD330084AAA4 /* GenderPreferenceCell.swift */,
				4354661228CAFD550084AAA4 /* MaxDistanceCell.swift */,
				4354661428CAFD880084AAA4 /* AgeRangeCell.swift */,
				4354661628CAFDAC0084AAA4 /* DoneButtonCell.swift */,
			);
			path = Filters;
			sourceTree = "<group>";
		};
		66C6C017E50F131BE603031C /* Pods */ = {
			isa = PBXGroup;
			children = (
				64C47F6647DF25C0A933BC6E /* Pods-thinkapp-ios.debug.xcconfig */,
				BDEFFB997B9B34442D309467 /* Pods-thinkapp-ios.release.xcconfig */,
			);
			path = Pods;
			sourceTree = "<group>";
		};
		E00D78E928C0E6ED00D1214A /* MainMap */ = {
			isa = PBXGroup;
			children = (
				E00D78EA28C0E7D600D1214A /* MainMapView.swift */,
				E00D78EC28C0E7E400D1214A /* MainMapController.swift */,
				E00D78EE28C1034700D1214A /* AdventureMapOverlay.swift */,
			);
			path = MainMap;
			sourceTree = "<group>";
		};
		E014D7E028BE19380079FEFB = {
			isa = PBXGroup;
			children = (
				E014D7EB28BE19380079FEFB /* thinkapp-ios */,
				E014D7EA28BE19380079FEFB /* Products */,
				66C6C017E50F131BE603031C /* Pods */,
				390F337E3FC1D37FCBDCE574 /* Frameworks */,
			);
			sourceTree = "<group>";
		};
		E014D7EA28BE19380079FEFB /* Products */ = {
			isa = PBXGroup;
			children = (
				E014D7E928BE19380079FEFB /* thinkapp-ios.app */,
			);
			name = Products;
			sourceTree = "<group>";
		};
		E014D7EB28BE19380079FEFB /* thinkapp-ios */ = {
			isa = PBXGroup;
			children = (
				E08B3CDD28BE39B800140D22 /* ViewControllers */,
				E08B3CDA28BE285D00140D22 /* Extension */,
				E014D80028BE19850079FEFB /* Base */,
			);
			path = "thinkapp-ios";
			sourceTree = "<group>";
		};
		E014D80028BE19850079FEFB /* Base */ = {
			isa = PBXGroup;
			children = (
				E08B3CD028BE21E000140D22 /* Font */,
				E014D7EC28BE19380079FEFB /* AppDelegate.swift */,
				E08B3CCA28BE1A3400140D22 /* AppCoordinator.swift */,
				E014D7EE28BE19380079FEFB /* SceneDelegate.swift */,
				E08B3CCB28BE1A3400140D22 /* MainRouter.swift */,
				E08B3CCE28BE1BF300140D22 /* Constants.swift */,
				E08B3CC828BE19EC00140D22 /* Assets.xcassets */,
				E014D7F728BE19390079FEFB /* LaunchScreen.storyboard */,
				E014D7FA28BE19390079FEFB /* Info.plist */,
			);
			path = Base;
			sourceTree = "<group>";
		};
		E08B3CD028BE21E000140D22 /* Font */ = {
			isa = PBXGroup;
			children = (
				E08B3CD228BE259F00140D22 /* Syne-Bold.ttf */,
				E08B3CD428BE25D100140D22 /* Inter-Medium.otf */,
				E08B3CD528BE25D100140D22 /* Inter-Regular.otf */,
				E08B3CD328BE259F00140D22 /* Syne-Regular.ttf */,
			);
			path = Font;
			sourceTree = "<group>";
		};
		E08B3CDA28BE285D00140D22 /* Extension */ = {
			isa = PBXGroup;
			children = (
				E08B3CDB28BE288300140D22 /* UIColor+extension.swift */,
			);
			path = Extension;
			sourceTree = "<group>";
		};
		E08B3CDD28BE39B800140D22 /* ViewControllers */ = {
			isa = PBXGroup;
			children = (
				43433C9828C7921A00B568BA /* AddMark */,
				43602A8628C63BA50084091B /* Filters */,
				E00D78E928C0E6ED00D1214A /* MainMap */,
				E08B3CF128C0BA1900140D22 /* Welcome */,
				E08B3CDE28BE39D100140D22 /* Login */,
			);
			path = ViewControllers;
			sourceTree = "<group>";
		};
		E08B3CDE28BE39D100140D22 /* Login */ = {
			isa = PBXGroup;
			children = (
				E08B3CDF28BE39FC00140D22 /* LoginController.swift */,
				E08B3CE128BE3A0B00140D22 /* LoginView.swift */,
			);
			path = Login;
			sourceTree = "<group>";
		};
		E08B3CF128C0BA1900140D22 /* Welcome */ = {
			isa = PBXGroup;
			children = (
				E00D78E528C0BA7400D1214A /* WelcomeController.swift */,
				E00D78E728C0BA8400D1214A /* WelcomeView.swift */,
			);
			path = Welcome;
			sourceTree = "<group>";
		};
/* End PBXGroup section */

/* Begin PBXNativeTarget section */
		E014D7E828BE19380079FEFB /* thinkapp-ios */ = {
			isa = PBXNativeTarget;
			buildConfigurationList = E014D7FD28BE19390079FEFB /* Build configuration list for PBXNativeTarget "thinkapp-ios" */;
			buildPhases = (
				90342E536321395CAD1647DF /* [CP] Check Pods Manifest.lock */,
				E014D7E528BE19380079FEFB /* Sources */,
				E014D7E628BE19380079FEFB /* Frameworks */,
				E014D7E728BE19380079FEFB /* Resources */,
				1D656A89F4F255D2E5F86EFA /* [CP] Embed Pods Frameworks */,
			);
			buildRules = (
			);
			dependencies = (
			);
			name = "thinkapp-ios";
			productName = "thinkapp-ios";
			productReference = E014D7E928BE19380079FEFB /* thinkapp-ios.app */;
			productType = "com.apple.product-type.application";
		};
/* End PBXNativeTarget section */

/* Begin PBXProject section */
		E014D7E128BE19380079FEFB /* Project object */ = {
			isa = PBXProject;
			attributes = {
				BuildIndependentTargetsInParallel = 1;
				LastSwiftUpdateCheck = 1340;
				LastUpgradeCheck = 1340;
				TargetAttributes = {
					E014D7E828BE19380079FEFB = {
						CreatedOnToolsVersion = 13.4.1;
					};
				};
			};
			buildConfigurationList = E014D7E428BE19380079FEFB /* Build configuration list for PBXProject "thinkapp-ios" */;
			compatibilityVersion = "Xcode 13.0";
			developmentRegion = en;
			hasScannedForEncodings = 0;
			knownRegions = (
				en,
				Base,
			);
			mainGroup = E014D7E028BE19380079FEFB;
			productRefGroup = E014D7EA28BE19380079FEFB /* Products */;
			projectDirPath = "";
			projectRoot = "";
			targets = (
				E014D7E828BE19380079FEFB /* thinkapp-ios */,
			);
		};
/* End PBXProject section */

/* Begin PBXResourcesBuildPhase section */
		E014D7E728BE19380079FEFB /* Resources */ = {
			isa = PBXResourcesBuildPhase;
			buildActionMask = 2147483647;
			files = (
				E08B3CC928BE19EC00140D22 /* Assets.xcassets in Resources */,
				E08B3CD828BE266200140D22 /* Inter-Regular.otf in Resources */,
				E08B3CD628BE265E00140D22 /* Syne-Bold.ttf in Resources */,
				E014D7F928BE19390079FEFB /* LaunchScreen.storyboard in Resources */,
				E08B3CD928BE266400140D22 /* Syne-Regular.ttf in Resources */,
				43F1537028C7C06A00B70344 /* AddMark.storyboard in Resources */,
				E08B3CD728BE266000140D22 /* Inter-Medium.otf in Resources */,
			);
			runOnlyForDeploymentPostprocessing = 0;
		};
/* End PBXResourcesBuildPhase section */

/* Begin PBXShellScriptBuildPhase section */
		1D656A89F4F255D2E5F86EFA /* [CP] Embed Pods Frameworks */ = {
			isa = PBXShellScriptBuildPhase;
			buildActionMask = 2147483647;
			files = (
			);
			inputFileListPaths = (
				"${PODS_ROOT}/Target Support Files/Pods-thinkapp-ios/Pods-thinkapp-ios-frameworks-${CONFIGURATION}-input-files.xcfilelist",
			);
			name = "[CP] Embed Pods Frameworks";
			outputFileListPaths = (
				"${PODS_ROOT}/Target Support Files/Pods-thinkapp-ios/Pods-thinkapp-ios-frameworks-${CONFIGURATION}-output-files.xcfilelist",
			);
			runOnlyForDeploymentPostprocessing = 0;
			shellPath = /bin/sh;
			shellScript = "\"${PODS_ROOT}/Target Support Files/Pods-thinkapp-ios/Pods-thinkapp-ios-frameworks.sh\"\n";
			showEnvVarsInLog = 0;
		};
		90342E536321395CAD1647DF /* [CP] Check Pods Manifest.lock */ = {
			isa = PBXShellScriptBuildPhase;
			buildActionMask = 2147483647;
			files = (
			);
			inputFileListPaths = (
			);
			inputPaths = (
				"${PODS_PODFILE_DIR_PATH}/Podfile.lock",
				"${PODS_ROOT}/Manifest.lock",
			);
			name = "[CP] Check Pods Manifest.lock";
			outputFileListPaths = (
			);
			outputPaths = (
				"$(DERIVED_FILE_DIR)/Pods-thinkapp-ios-checkManifestLockResult.txt",
			);
			runOnlyForDeploymentPostprocessing = 0;
			shellPath = /bin/sh;
			shellScript = "diff \"${PODS_PODFILE_DIR_PATH}/Podfile.lock\" \"${PODS_ROOT}/Manifest.lock\" > /dev/null\nif [ $? != 0 ] ; then\n    # print error to STDERR\n    echo \"error: The sandbox is not in sync with the Podfile.lock. Run 'pod install' or update your CocoaPods installation.\" >&2\n    exit 1\nfi\n# This output is used by Xcode 'outputs' to avoid re-running this script phase.\necho \"SUCCESS\" > \"${SCRIPT_OUTPUT_FILE_0}\"\n";
			showEnvVarsInLog = 0;
		};
/* End PBXShellScriptBuildPhase section */

/* Begin PBXSourcesBuildPhase section */
		E014D7E528BE19380079FEFB /* Sources */ = {
			isa = PBXSourcesBuildPhase;
			buildActionMask = 2147483647;
			files = (
				E08B3CCF28BE1BF300140D22 /* Constants.swift in Sources */,
				E08B3CCC28BE1A3400140D22 /* AppCoordinator.swift in Sources */,
				E00D78EB28C0E7D600D1214A /* MainMapView.swift in Sources */,
				E08B3CCD28BE1A3400140D22 /* MainRouter.swift in Sources */,
				4354661728CAFDAC0084AAA4 /* DoneButtonCell.swift in Sources */,
				E08B3CDC28BE288400140D22 /* UIColor+extension.swift in Sources */,
				E014D7ED28BE19380079FEFB /* AppDelegate.swift in Sources */,
				E00D78EF28C1034700D1214A /* AdventureMapOverlay.swift in Sources */,
				E00D78E828C0BA8400D1214A /* WelcomeView.swift in Sources */,
				4354661328CAFD550084AAA4 /* MaxDistanceCell.swift in Sources */,
				4354661128CAFD330084AAA4 /* GenderPreferenceCell.swift in Sources */,
				E014D7EF28BE19380079FEFB /* SceneDelegate.swift in Sources */,
				E00D78E628C0BA7400D1214A /* WelcomeController.swift in Sources */,
				E00D78ED28C0E7E400D1214A /* MainMapController.swift in Sources */,
				4354661928CAFE4F0084AAA4 /* FiltersViewController.swift in Sources */,
				E08B3CE228BE3A0B00140D22 /* LoginView.swift in Sources */,
				4354660F28CAFD020084AAA4 /* FiltersTableView.swift in Sources */,
				4354661528CAFD880084AAA4 /* AgeRangeCell.swift in Sources */,
				43433C9A28C7926B00B568BA /* AddMarkController.swift in Sources */,
				E08B3CE028BE39FC00140D22 /* LoginController.swift in Sources */,
			);
			runOnlyForDeploymentPostprocessing = 0;
		};
/* End PBXSourcesBuildPhase section */

/* Begin PBXVariantGroup section */
		E014D7F728BE19390079FEFB /* LaunchScreen.storyboard */ = {
			isa = PBXVariantGroup;
			children = (
				E014D7F828BE19390079FEFB /* Base */,
			);
			name = LaunchScreen.storyboard;
			sourceTree = "<group>";
		};
/* End PBXVariantGroup section */

/* Begin XCBuildConfiguration section */
		E014D7FB28BE19390079FEFB /* Debug */ = {
			isa = XCBuildConfiguration;
			buildSettings = {
				ALWAYS_SEARCH_USER_PATHS = NO;
				CLANG_ANALYZER_NONNULL = YES;
				CLANG_ANALYZER_NUMBER_OBJECT_CONVERSION = YES_AGGRESSIVE;
				CLANG_CXX_LANGUAGE_STANDARD = "gnu++17";
				CLANG_ENABLE_MODULES = YES;
				CLANG_ENABLE_OBJC_ARC = YES;
				CLANG_ENABLE_OBJC_WEAK = YES;
				CLANG_WARN_BLOCK_CAPTURE_AUTORELEASING = YES;
				CLANG_WARN_BOOL_CONVERSION = YES;
				CLANG_WARN_COMMA = YES;
				CLANG_WARN_CONSTANT_CONVERSION = YES;
				CLANG_WARN_DEPRECATED_OBJC_IMPLEMENTATIONS = YES;
				CLANG_WARN_DIRECT_OBJC_ISA_USAGE = YES_ERROR;
				CLANG_WARN_DOCUMENTATION_COMMENTS = YES;
				CLANG_WARN_EMPTY_BODY = YES;
				CLANG_WARN_ENUM_CONVERSION = YES;
				CLANG_WARN_INFINITE_RECURSION = YES;
				CLANG_WARN_INT_CONVERSION = YES;
				CLANG_WARN_NON_LITERAL_NULL_CONVERSION = YES;
				CLANG_WARN_OBJC_IMPLICIT_RETAIN_SELF = YES;
				CLANG_WARN_OBJC_LITERAL_CONVERSION = YES;
				CLANG_WARN_OBJC_ROOT_CLASS = YES_ERROR;
				CLANG_WARN_QUOTED_INCLUDE_IN_FRAMEWORK_HEADER = YES;
				CLANG_WARN_RANGE_LOOP_ANALYSIS = YES;
				CLANG_WARN_STRICT_PROTOTYPES = YES;
				CLANG_WARN_SUSPICIOUS_MOVE = YES;
				CLANG_WARN_UNGUARDED_AVAILABILITY = YES_AGGRESSIVE;
				CLANG_WARN_UNREACHABLE_CODE = YES;
				CLANG_WARN__DUPLICATE_METHOD_MATCH = YES;
				COPY_PHASE_STRIP = NO;
				DEBUG_INFORMATION_FORMAT = dwarf;
				ENABLE_STRICT_OBJC_MSGSEND = YES;
				ENABLE_TESTABILITY = YES;
				GCC_C_LANGUAGE_STANDARD = gnu11;
				GCC_DYNAMIC_NO_PIC = NO;
				GCC_NO_COMMON_BLOCKS = YES;
				GCC_OPTIMIZATION_LEVEL = 0;
				GCC_PREPROCESSOR_DEFINITIONS = (
					"DEBUG=1",
					"$(inherited)",
				);
				GCC_WARN_64_TO_32_BIT_CONVERSION = YES;
				GCC_WARN_ABOUT_RETURN_TYPE = YES_ERROR;
				GCC_WARN_UNDECLARED_SELECTOR = YES;
				GCC_WARN_UNINITIALIZED_AUTOS = YES_AGGRESSIVE;
				GCC_WARN_UNUSED_FUNCTION = YES;
				GCC_WARN_UNUSED_VARIABLE = YES;
				IPHONEOS_DEPLOYMENT_TARGET = 15.2;
				MTL_ENABLE_DEBUG_INFO = INCLUDE_SOURCE;
				MTL_FAST_MATH = YES;
				ONLY_ACTIVE_ARCH = YES;
				SDKROOT = iphoneos;
				SWIFT_ACTIVE_COMPILATION_CONDITIONS = DEBUG;
				SWIFT_OPTIMIZATION_LEVEL = "-Onone";
			};
			name = Debug;
		};
		E014D7FC28BE19390079FEFB /* Release */ = {
			isa = XCBuildConfiguration;
			buildSettings = {
				ALWAYS_SEARCH_USER_PATHS = NO;
				CLANG_ANALYZER_NONNULL = YES;
				CLANG_ANALYZER_NUMBER_OBJECT_CONVERSION = YES_AGGRESSIVE;
				CLANG_CXX_LANGUAGE_STANDARD = "gnu++17";
				CLANG_ENABLE_MODULES = YES;
				CLANG_ENABLE_OBJC_ARC = YES;
				CLANG_ENABLE_OBJC_WEAK = YES;
				CLANG_WARN_BLOCK_CAPTURE_AUTORELEASING = YES;
				CLANG_WARN_BOOL_CONVERSION = YES;
				CLANG_WARN_COMMA = YES;
				CLANG_WARN_CONSTANT_CONVERSION = YES;
				CLANG_WARN_DEPRECATED_OBJC_IMPLEMENTATIONS = YES;
				CLANG_WARN_DIRECT_OBJC_ISA_USAGE = YES_ERROR;
				CLANG_WARN_DOCUMENTATION_COMMENTS = YES;
				CLANG_WARN_EMPTY_BODY = YES;
				CLANG_WARN_ENUM_CONVERSION = YES;
				CLANG_WARN_INFINITE_RECURSION = YES;
				CLANG_WARN_INT_CONVERSION = YES;
				CLANG_WARN_NON_LITERAL_NULL_CONVERSION = YES;
				CLANG_WARN_OBJC_IMPLICIT_RETAIN_SELF = YES;
				CLANG_WARN_OBJC_LITERAL_CONVERSION = YES;
				CLANG_WARN_OBJC_ROOT_CLASS = YES_ERROR;
				CLANG_WARN_QUOTED_INCLUDE_IN_FRAMEWORK_HEADER = YES;
				CLANG_WARN_RANGE_LOOP_ANALYSIS = YES;
				CLANG_WARN_STRICT_PROTOTYPES = YES;
				CLANG_WARN_SUSPICIOUS_MOVE = YES;
				CLANG_WARN_UNGUARDED_AVAILABILITY = YES_AGGRESSIVE;
				CLANG_WARN_UNREACHABLE_CODE = YES;
				CLANG_WARN__DUPLICATE_METHOD_MATCH = YES;
				COPY_PHASE_STRIP = NO;
				DEBUG_INFORMATION_FORMAT = "dwarf-with-dsym";
				ENABLE_NS_ASSERTIONS = NO;
				ENABLE_STRICT_OBJC_MSGSEND = YES;
				GCC_C_LANGUAGE_STANDARD = gnu11;
				GCC_NO_COMMON_BLOCKS = YES;
				GCC_WARN_64_TO_32_BIT_CONVERSION = YES;
				GCC_WARN_ABOUT_RETURN_TYPE = YES_ERROR;
				GCC_WARN_UNDECLARED_SELECTOR = YES;
				GCC_WARN_UNINITIALIZED_AUTOS = YES_AGGRESSIVE;
				GCC_WARN_UNUSED_FUNCTION = YES;
				GCC_WARN_UNUSED_VARIABLE = YES;
				IPHONEOS_DEPLOYMENT_TARGET = 15.2;
				MTL_ENABLE_DEBUG_INFO = NO;
				MTL_FAST_MATH = YES;
				SDKROOT = iphoneos;
				SWIFT_COMPILATION_MODE = wholemodule;
				SWIFT_OPTIMIZATION_LEVEL = "-O";
				VALIDATE_PRODUCT = YES;
			};
			name = Release;
		};
		E014D7FE28BE19390079FEFB /* Debug */ = {
			isa = XCBuildConfiguration;
			baseConfigurationReference = 64C47F6647DF25C0A933BC6E /* Pods-thinkapp-ios.debug.xcconfig */;
			buildSettings = {
				ASSETCATALOG_COMPILER_APPICON_NAME = AppIcon;
				ASSETCATALOG_COMPILER_GLOBAL_ACCENT_COLOR_NAME = AccentColor;
				CODE_SIGN_STYLE = Automatic;
				CURRENT_PROJECT_VERSION = 1;
				GENERATE_INFOPLIST_FILE = YES;
				INFOPLIST_FILE = "thinkapp-ios/Base/Info.plist";
				INFOPLIST_KEY_UIApplicationSupportsIndirectInputEvents = YES;
				INFOPLIST_KEY_UILaunchStoryboardName = LaunchScreen;
				INFOPLIST_KEY_UISupportedInterfaceOrientations_iPad = "UIInterfaceOrientationPortrait UIInterfaceOrientationPortraitUpsideDown UIInterfaceOrientationLandscapeLeft UIInterfaceOrientationLandscapeRight";
				INFOPLIST_KEY_UISupportedInterfaceOrientations_iPhone = "UIInterfaceOrientationPortrait UIInterfaceOrientationLandscapeLeft UIInterfaceOrientationLandscapeRight";
				LD_RUNPATH_SEARCH_PATHS = (
					"$(inherited)",
					"@executable_path/Frameworks",
				);
				MARKETING_VERSION = 1.0;
				PRODUCT_BUNDLE_IDENTIFIER = "none.thinkapp-ios";
				PRODUCT_NAME = "$(TARGET_NAME)";
				SWIFT_EMIT_LOC_STRINGS = YES;
				SWIFT_VERSION = 5.0;
				TARGETED_DEVICE_FAMILY = "1,2";
			};
			name = Debug;
		};
		E014D7FF28BE19390079FEFB /* Release */ = {
			isa = XCBuildConfiguration;
			baseConfigurationReference = BDEFFB997B9B34442D309467 /* Pods-thinkapp-ios.release.xcconfig */;
			buildSettings = {
				ASSETCATALOG_COMPILER_APPICON_NAME = AppIcon;
				ASSETCATALOG_COMPILER_GLOBAL_ACCENT_COLOR_NAME = AccentColor;
				CODE_SIGN_STYLE = Automatic;
				CURRENT_PROJECT_VERSION = 1;
				GENERATE_INFOPLIST_FILE = YES;
				INFOPLIST_FILE = "thinkapp-ios/Base/Info.plist";
				INFOPLIST_KEY_UIApplicationSupportsIndirectInputEvents = YES;
				INFOPLIST_KEY_UILaunchStoryboardName = LaunchScreen;
				INFOPLIST_KEY_UISupportedInterfaceOrientations_iPad = "UIInterfaceOrientationPortrait UIInterfaceOrientationPortraitUpsideDown UIInterfaceOrientationLandscapeLeft UIInterfaceOrientationLandscapeRight";
				INFOPLIST_KEY_UISupportedInterfaceOrientations_iPhone = "UIInterfaceOrientationPortrait UIInterfaceOrientationLandscapeLeft UIInterfaceOrientationLandscapeRight";
				LD_RUNPATH_SEARCH_PATHS = (
					"$(inherited)",
					"@executable_path/Frameworks",
				);
				MARKETING_VERSION = 1.0;
				PRODUCT_BUNDLE_IDENTIFIER = "none.thinkapp-ios";
				PRODUCT_NAME = "$(TARGET_NAME)";
				SWIFT_EMIT_LOC_STRINGS = YES;
				SWIFT_VERSION = 5.0;
				TARGETED_DEVICE_FAMILY = "1,2";
			};
			name = Release;
		};
/* End XCBuildConfiguration section */

/* Begin XCConfigurationList section */
		E014D7E428BE19380079FEFB /* Build configuration list for PBXProject "thinkapp-ios" */ = {
			isa = XCConfigurationList;
			buildConfigurations = (
				E014D7FB28BE19390079FEFB /* Debug */,
				E014D7FC28BE19390079FEFB /* Release */,
			);
			defaultConfigurationIsVisible = 0;
			defaultConfigurationName = Release;
		};
		E014D7FD28BE19390079FEFB /* Build configuration list for PBXNativeTarget "thinkapp-ios" */ = {
			isa = XCConfigurationList;
			buildConfigurations = (
				E014D7FE28BE19390079FEFB /* Debug */,
				E014D7FF28BE19390079FEFB /* Release */,
			);
			defaultConfigurationIsVisible = 0;
			defaultConfigurationName = Release;
		};
/* End XCConfigurationList section */
	};
	rootObject = E014D7E128BE19380079FEFB /* Project object */;
}
